
Microsoft Visual Studio Solution File, Format Version 12.00
# Visual Studio Version 17
VisualStudioVersion = 17.2.32519.379
MinimumVisualStudioVersion = 10.0.40219.1
Project("{FAE04EC0-301F-11D3-BF4B-00C04F79EFBC}") = "Core", "Core\Core.csproj", "{FC767513-21D9-4F21-B0E5-999EF41279D1}"
EndProject
Project("{FAE04EC0-301F-11D3-BF4B-00C04F79EFBC}") = "DataAccess", "DataAccess\DataAccess.csproj", "{C8677100-EADB-4445-BEDF-A7FC23039AE0}"
EndProject
Project("{FAE04EC0-301F-11D3-BF4B-00C04F79EFBC}") = "Web", "Web\Web.csproj", "{C171991E-F379-4158-A5FA-F98077742905}"
EndProject
Global
	GlobalSection(SolutionConfigurationPlatforms) = preSolution
		Debug|Any CPU = Debug|Any CPU
		Release|Any CPU = Release|Any CPU
	EndGlobalSection
	GlobalSection(ProjectConfigurationPlatforms) = postSolution
		{FC767513-21D9-4F21-B0E5-999EF41279D1}.Debug|Any CPU.ActiveCfg = Debug|Any CPU
		{FC767513-21D9-4F21-B0E5-999EF41279D1}.Debug|Any CPU.Build.0 = Debug|Any CPU
		{FC767513-21D9-4F21-B0E5-999EF41279D1}.Release|Any CPU.ActiveCfg = Release|Any CPU
		{FC767513-21D9-4F21-B0E5-999EF41279D1}.Release|Any CPU.Build.0 = Release|Any CPU
		{C8677100-EADB-4445-BEDF-A7FC23039AE0}.Debug|Any CPU.ActiveCfg = Debug|Any CPU
		{C8677100-EADB-4445-BEDF-A7FC23039AE0}.Debug|Any CPU.Build.0 = Debug|Any CPU
		{C8677100-EADB-4445-BEDF-A7FC23039AE0}.Release|Any CPU.ActiveCfg = Release|Any CPU
		{C8677100-EADB-4445-BEDF-A7FC23039AE0}.Release|Any CPU.Build.0 = Release|Any CPU
		{C171991E-F379-4158-A5FA-F98077742905}.Debug|Any CPU.ActiveCfg = Debug|Any CPU
		{C171991E-F379-4158-A5FA-F98077742905}.Debug|Any CPU.Build.0 = Debug|Any CPU
		{C171991E-F379-4158-A5FA-F98077742905}.Release|Any CPU.ActiveCfg = Release|Any CPU
		{C171991E-F379-4158-A5FA-F98077742905}.Release|Any CPU.Build.0 = Release|Any CPU
	EndGlobalSection
	GlobalSection(SolutionProperties) = preSolution
		HideSolutionNode = FALSE
	EndGlobalSection
	GlobalSection(ExtensibilityGlobals) = postSolution
		SolutionGuid = {E6122F5A-9355-46C6-9A37-7ED0A7491A67}
	EndGlobalSection
EndGlobal
